<?xml version="1.0" encoding="UTF-8" standalone="yes" ?>
<CodeBlocks_project_file>
	<FileVersion major="1" minor="6" />
	<Project>
		<Option title="SquareSolver" />
		<Option pch_mode="2" />
		<Option compiler="use_it_for_projects________mingw_gcc__strict" />
		<Build>
			<Target title="Debug">
				<Option output="bin/Debug/SquareSolver" prefix_auto="1" extension_auto="1" />
				<Option object_output="obj/Debug/" />
				<Option type="1" />
				<Option compiler="use_it_for_projects________mingw_gcc__strict" />
				<Compiler>
					<Add option="-g" />
				</Compiler>
			</Target>
			<Target title="Release">
				<Option output="bin/Release/SquareSolver" prefix_auto="1" extension_auto="1" />
				<Option object_output="obj/Release/" />
				<Option type="1" />
				<Option compiler="use_it_for_projects________mingw_gcc__strict" />
				<Compiler>
					<Add option="-O2" />
				</Compiler>
				<Linker>
					<Add option="-s" />
				</Linker>
			</Target>
		</Build>
		<Compiler>
			<Add option="-Wall" />
			<Add option="-fexceptions" />
		</Compiler>
		<Unit filename="SquareSolver.bmarks" />
		<Unit filename="SquareSolver.cbp" />
		<Unit filename="SquareSolver.cbp.save" />
		<Unit filename="SquareSolver.depend" />
		<Unit filename="SquareSolver.layout" />
		<Unit filename="SquareSolver_build_log.html" />
		<Unit filename="answers_output.cpp" />
		<Unit filename="answers_output.cpp.save" />
		<Unit filename="answers_output.h.save" />
		<Unit filename="doublecmp.cpp" />
		<Unit filename="doublecmp.h" />
		<Unit filename="doublecmp.h.save" />
		<Unit filename="get_input_double.cpp" />
		<Unit filename="get_input_double.h" />
		<Unit filename="overflow_check_double.cpp" />
		<Unit filename="overflow_check_double.h" />
		<Unit filename="quad_eq.cpp" />
		<Unit filename="quad_eq.cpp.save" />
		<Unit filename="solve_quad.cpp" />
		<Unit filename="solve_quad.h" />
		<Unit filename="square_solver_io.h" />
		<Unit filename="user_menu.cpp" />
		<Unit filename="user_menu.cpp.save" />
		<Extensions>
			<code_completion />
			<envvars />
			<debugger />
			<lib_finder disable_auto="1" />
		</Extensions>
	</Project>
</CodeBlocks_project_file>
